
Microsoft Visual Studio Solution File, Format Version 12.00
# Visual Studio 15
VisualStudioVersion = 15.0.28307.1972
MinimumVisualStudioVersion = 10.0.40219.1
Project("{FAE04EC0-301F-11D3-BF4B-00C04F79EFBC}") = "PlusSslCom", "PlusSslCom\PlusSslCom.csproj", "{BBD9B5FB-1C8A-4FEB-8EB1-4F77E3CA0F28}"
EndProject
Global
	GlobalSection(SolutionConfigurationPlatforms) = preSolution
		Debug|Any CPU = Debug|Any CPU
		Release|Any CPU = Release|Any CPU
	EndGlobalSection
	GlobalSection(ProjectConfigurationPlatforms) = postSolution
		{BBD9B5FB-1C8A-4FEB-8EB1-4F77E3CA0F28}.Debug|Any CPU.ActiveCfg = Debug|Any CPU
		{BBD9B5FB-1C8A-4FEB-8EB1-4F77E3CA0F28}.Debug|Any CPU.Build.0 = Debug|Any CPU
		{BBD9B5FB-1C8A-4FEB-8EB1-4F77E3CA0F28}.Release|Any CPU.ActiveCfg = Release|Any CPU
		{BBD9B5FB-1C8A-4FEB-8EB1-4F77E3CA0F28}.Release|Any CPU.Build.0 = Release|Any CPU
	EndGlobalSection
	GlobalSection(SolutionProperties) = preSolution
		HideSolutionNode = FALSE
	EndGlobalSection
	GlobalSection(ExtensibilityGlobals) = postSolution
		SolutionGuid = {FDDC2B8A-5883-4730-9461-17FB908D3835}
	EndGlobalSection
EndGlobal
